// !$*UTF8*$!
{
	archiveVersion = 1;
	classes = {
	};
	objectVersion = 51;
	objects = {

/* Begin PBXBuildFile section */
		7283C3DC872ACA424A4DE6A8 /* Pods_MyProjectUITests.framework in Frameworks */ = {isa = PBXBuildFile; fileRef = 77B991FA1263B087A7DDA6A4 /* Pods_MyProjectUITests.framework */; };
		916041BB9618FE1B8CD0A92E /* Pods_MyProjectTests.framework in Frameworks */ = {isa = PBXBuildFile; fileRef = FF1A2D107E61BEE549A12602 /* Pods_MyProjectTests.framework */; };
		9FB656770AEC603E701A04FC /* Pods_MyProject.framework in Frameworks */ = {isa = PBXBuildFile; fileRef = D1B37717E47B05526DBF5999 /* Pods_MyProject.framework */; };
		D728D8CF247681D500D9EDED /* UserCellViewModel.swift in Sources */ = {isa = PBXBuildFile; fileRef = D728D8CE247681D400D9EDED /* UserCellViewModel.swift */; };
		D735E22A247E2C0A00AD8A94 /* SecondViewController.swift in Sources */ = {isa = PBXBuildFile; fileRef = D735E229247E2C0A00AD8A94 /* SecondViewController.swift */; };
		D735E268247E3D2900AD8A94 /* MapRouter.swift in Sources */ = {isa = PBXBuildFile; fileRef = D735E267247E3D2900AD8A94 /* MapRouter.swift */; };
		D7551B19247A2AA900BF6E96 /* UserDataModel.xcdatamodeld in Sources */ = {isa = PBXBuildFile; fileRef = D7551B17247A2AA900BF6E96 /* UserDataModel.xcdatamodeld */; };
		D7551B1C247A318700BF6E96 /* Task.swift in Sources */ = {isa = PBXBuildFile; fileRef = D7551B1B247A318700BF6E96 /* Task.swift */; };
		D75C048622FC129500A17E0C /* UserInfoCell.swift in Sources */ = {isa = PBXBuildFile; fileRef = D75C048522FC129500A17E0C /* UserInfoCell.swift */; };
		D76B4D6F247DE9E50065FC9B /* MapViewController.swift in Sources */ = {isa = PBXBuildFile; fileRef = D76B4D6D247DE9E50065FC9B /* MapViewController.swift */; };
		D76B4D73247DF6CB0065FC9B /* Router.swift in Sources */ = {isa = PBXBuildFile; fileRef = D76B4D72247DF6CB0065FC9B /* Router.swift */; };
		D76B4D75247E02CD0065FC9B /* MapViewModel.swift in Sources */ = {isa = PBXBuildFile; fileRef = D76B4D74247E02CD0065FC9B /* MapViewModel.swift */; };
		D76B4D77247E1C390065FC9B /* UserRouter.swift in Sources */ = {isa = PBXBuildFile; fileRef = D76B4D76247E1C390065FC9B /* UserRouter.swift */; };
		D7727EDA247E52850027D9AF /* GoogleService-Info.plist in Resources */ = {isa = PBXBuildFile; fileRef = D7727ED9247E52850027D9AF /* GoogleService-Info.plist */; };
		D77989C322FAD754002BE0D1 /* Timezone.swift in Sources */ = {isa = PBXBuildFile; fileRef = D77989C222FAD754002BE0D1 /* Timezone.swift */; };
		D77989C722FAD8A3002BE0D1 /* Coordinates.swift in Sources */ = {isa = PBXBuildFile; fileRef = D77989C622FAD8A3002BE0D1 /* Coordinates.swift */; };
		D77989C922FAD95D002BE0D1 /* Login.swift in Sources */ = {isa = PBXBuildFile; fileRef = D77989C822FAD95D002BE0D1 /* Login.swift */; };
		D77989CB22FAE208002BE0D1 /* Dob.swift in Sources */ = {isa = PBXBuildFile; fileRef = D77989CA22FAE208002BE0D1 /* Dob.swift */; };
		D77989CD22FAE24E002BE0D1 /* Registered.swift in Sources */ = {isa = PBXBuildFile; fileRef = D77989CC22FAE24E002BE0D1 /* Registered.swift */; };
		D77989CF22FAE2BC002BE0D1 /* Id.swift in Sources */ = {isa = PBXBuildFile; fileRef = D77989CE22FAE2BC002BE0D1 /* Id.swift */; };
		D77989D122FAE332002BE0D1 /* Picture.swift in Sources */ = {isa = PBXBuildFile; fileRef = D77989D022FAE332002BE0D1 /* Picture.swift */; };
		D77989D422FAE446002BE0D1 /* Constants.swift in Sources */ = {isa = PBXBuildFile; fileRef = D77989D322FAE446002BE0D1 /* Constants.swift */; };
		D77989D622FAE4A8002BE0D1 /* NetworkClient.swift in Sources */ = {isa = PBXBuildFile; fileRef = D77989D522FAE4A8002BE0D1 /* NetworkClient.swift */; };
		D77989D822FAE51C002BE0D1 /* UserResponse.swift in Sources */ = {isa = PBXBuildFile; fileRef = D77989D722FAE51C002BE0D1 /* UserResponse.swift */; };
		D77989DB22FAE624002BE0D1 /* UserViewModel.swift in Sources */ = {isa = PBXBuildFile; fileRef = D77989DA22FAE624002BE0D1 /* UserViewModel.swift */; };
		D7A9642922F2F9DB00054459 /* User.swift in Sources */ = {isa = PBXBuildFile; fileRef = D7A9642822F2F9DB00054459 /* User.swift */; };
		D7A9642B22F2FAB900054459 /* Name.swift in Sources */ = {isa = PBXBuildFile; fileRef = D7A9642A22F2FAB900054459 /* Name.swift */; };
		D7A9642D22F2FBC900054459 /* Location.swift in Sources */ = {isa = PBXBuildFile; fileRef = D7A9642C22F2FBC900054459 /* Location.swift */; };
		D7C82EB1247C9F5000F95B5E /* UserCell.xib in Resources */ = {isa = PBXBuildFile; fileRef = D7C82EB0247C9F5000F95B5E /* UserCell.xib */; };
		D7C82EB5247CD86D00F95B5E /* Mapper.swift in Sources */ = {isa = PBXBuildFile; fileRef = D7C82EB4247CD86D00F95B5E /* Mapper.swift */; };
		D7D7714F22F166E800625747 /* AppDelegate.swift in Sources */ = {isa = PBXBuildFile; fileRef = D7D7714E22F166E800625747 /* AppDelegate.swift */; };
		D7D7715122F166E800625747 /* MainViewController.swift in Sources */ = {isa = PBXBuildFile; fileRef = D7D7715022F166E800625747 /* MainViewController.swift */; };
		D7D7715422F166E800625747 /* Main.storyboard in Resources */ = {isa = PBXBuildFile; fileRef = D7D7715222F166E800625747 /* Main.storyboard */; };
		D7D7715622F166EA00625747 /* Assets.xcassets in Resources */ = {isa = PBXBuildFile; fileRef = D7D7715522F166EA00625747 /* Assets.xcassets */; };
		D7D7715922F166EA00625747 /* LaunchScreen.storyboard in Resources */ = {isa = PBXBuildFile; fileRef = D7D7715722F166EA00625747 /* LaunchScreen.storyboard */; };
		D7D7716422F166EA00625747 /* MyProjectTests.swift in Sources */ = {isa = PBXBuildFile; fileRef = D7D7716322F166EA00625747 /* MyProjectTests.swift */; };
		D7D7716F22F166EA00625747 /* MyProjectUITests.swift in Sources */ = {isa = PBXBuildFile; fileRef = D7D7716E22F166EA00625747 /* MyProjectUITests.swift */; };
/* End PBXBuildFile section */

/* Begin PBXContainerItemProxy section */
		D7D7716022F166EA00625747 /* PBXContainerItemProxy */ = {
			isa = PBXContainerItemProxy;
			containerPortal = D7D7714322F166E800625747 /* Project object */;
			proxyType = 1;
			remoteGlobalIDString = D7D7714A22F166E800625747;
			remoteInfo = MyProject;
		};
		D7D7716B22F166EA00625747 /* PBXContainerItemProxy */ = {
			isa = PBXContainerItemProxy;
			containerPortal = D7D7714322F166E800625747 /* Project object */;
			proxyType = 1;
			remoteGlobalIDString = D7D7714A22F166E800625747;
			remoteInfo = MyProject;
		};
/* End PBXContainerItemProxy section */

/* Begin PBXFileReference section */
		15AB4048DE73B16299D3D3C7 /* Pods-MyProjectUITests.debug.xcconfig */ = {isa = PBXFileReference; includeInIndex = 1; lastKnownFileType = text.xcconfig; name = "Pods-MyProjectUITests.debug.xcconfig"; path = "Target Support Files/Pods-MyProjectUITests/Pods-MyProjectUITests.debug.xcconfig"; sourceTree = "<group>"; };
		5C2CE818312A4A9F8E7EAB7D /* Pods-MyProject.release.xcconfig */ = {isa = PBXFileReference; includeInIndex = 1; lastKnownFileType = text.xcconfig; name = "Pods-MyProject.release.xcconfig"; path = "Target Support Files/Pods-MyProject/Pods-MyProject.release.xcconfig"; sourceTree = "<group>"; };
		77B991FA1263B087A7DDA6A4 /* Pods_MyProjectUITests.framework */ = {isa = PBXFileReference; explicitFileType = wrapper.framework; includeInIndex = 0; path = Pods_MyProjectUITests.framework; sourceTree = BUILT_PRODUCTS_DIR; };
		D1B37717E47B05526DBF5999 /* Pods_MyProject.framework */ = {isa = PBXFileReference; explicitFileType = wrapper.framework; includeInIndex = 0; path = Pods_MyProject.framework; sourceTree = BUILT_PRODUCTS_DIR; };
		D2D33F4FCAFBCD122A7FB933 /* Pods-MyProject.debug.xcconfig */ = {isa = PBXFileReference; includeInIndex = 1; lastKnownFileType = text.xcconfig; name = "Pods-MyProject.debug.xcconfig"; path = "Target Support Files/Pods-MyProject/Pods-MyProject.debug.xcconfig"; sourceTree = "<group>"; };
		D728D8CE247681D400D9EDED /* UserCellViewModel.swift */ = {isa = PBXFileReference; lastKnownFileType = sourcecode.swift; path = UserCellViewModel.swift; sourceTree = "<group>"; };
		D735E229247E2C0A00AD8A94 /* SecondViewController.swift */ = {isa = PBXFileReference; lastKnownFileType = sourcecode.swift; path = SecondViewController.swift; sourceTree = "<group>"; };
		D735E267247E3D2900AD8A94 /* MapRouter.swift */ = {isa = PBXFileReference; lastKnownFileType = sourcecode.swift; path = MapRouter.swift; sourceTree = "<group>"; };
		D7551B18247A2AA900BF6E96 /* UserDataModel.xcdatamodel */ = {isa = PBXFileReference; lastKnownFileType = wrapper.xcdatamodel; path = UserDataModel.xcdatamodel; sourceTree = "<group>"; };
		D7551B1B247A318700BF6E96 /* Task.swift */ = {isa = PBXFileReference; lastKnownFileType = sourcecode.swift; path = Task.swift; sourceTree = "<group>"; };
		D75C048522FC129500A17E0C /* UserInfoCell.swift */ = {isa = PBXFileReference; lastKnownFileType = sourcecode.swift; path = UserInfoCell.swift; sourceTree = "<group>"; };
		D76B4D6D247DE9E50065FC9B /* MapViewController.swift */ = {isa = PBXFileReference; lastKnownFileType = sourcecode.swift; path = MapViewController.swift; sourceTree = "<group>"; };
		D76B4D72247DF6CB0065FC9B /* Router.swift */ = {isa = PBXFileReference; lastKnownFileType = sourcecode.swift; path = Router.swift; sourceTree = "<group>"; };
		D76B4D74247E02CD0065FC9B /* MapViewModel.swift */ = {isa = PBXFileReference; lastKnownFileType = sourcecode.swift; path = MapViewModel.swift; sourceTree = "<group>"; };
		D76B4D76247E1C390065FC9B /* UserRouter.swift */ = {isa = PBXFileReference; lastKnownFileType = sourcecode.swift; path = UserRouter.swift; sourceTree = "<group>"; };
		D7727ED9247E52850027D9AF /* GoogleService-Info.plist */ = {isa = PBXFileReference; fileEncoding = 4; lastKnownFileType = text.plist.xml; path = "GoogleService-Info.plist"; sourceTree = "<group>"; };
		D77989C222FAD754002BE0D1 /* Timezone.swift */ = {isa = PBXFileReference; lastKnownFileType = sourcecode.swift; path = Timezone.swift; sourceTree = "<group>"; };
		D77989C622FAD8A3002BE0D1 /* Coordinates.swift */ = {isa = PBXFileReference; lastKnownFileType = sourcecode.swift; path = Coordinates.swift; sourceTree = "<group>"; };
		D77989C822FAD95D002BE0D1 /* Login.swift */ = {isa = PBXFileReference; lastKnownFileType = sourcecode.swift; path = Login.swift; sourceTree = "<group>"; };
		D77989CA22FAE208002BE0D1 /* Dob.swift */ = {isa = PBXFileReference; lastKnownFileType = sourcecode.swift; path = Dob.swift; sourceTree = "<group>"; };
		D77989CC22FAE24E002BE0D1 /* Registered.swift */ = {isa = PBXFileReference; lastKnownFileType = sourcecode.swift; path = Registered.swift; sourceTree = "<group>"; };
		D77989CE22FAE2BC002BE0D1 /* Id.swift */ = {isa = PBXFileReference; lastKnownFileType = sourcecode.swift; path = Id.swift; sourceTree = "<group>"; };
		D77989D022FAE332002BE0D1 /* Picture.swift */ = {isa = PBXFileReference; lastKnownFileType = sourcecode.swift; path = Picture.swift; sourceTree = "<group>"; };
		D77989D322FAE446002BE0D1 /* Constants.swift */ = {isa = PBXFileReference; lastKnownFileType = sourcecode.swift; path = Constants.swift; sourceTree = "<group>"; };
		D77989D522FAE4A8002BE0D1 /* NetworkClient.swift */ = {isa = PBXFileReference; lastKnownFileType = sourcecode.swift; path = NetworkClient.swift; sourceTree = "<group>"; };
		D77989D722FAE51C002BE0D1 /* UserResponse.swift */ = {isa = PBXFileReference; lastKnownFileType = sourcecode.swift; path = UserResponse.swift; sourceTree = "<group>"; };
		D77989DA22FAE624002BE0D1 /* UserViewModel.swift */ = {isa = PBXFileReference; lastKnownFileType = sourcecode.swift; path = UserViewModel.swift; sourceTree = "<group>"; };
		D7A9642822F2F9DB00054459 /* User.swift */ = {isa = PBXFileReference; lastKnownFileType = sourcecode.swift; path = User.swift; sourceTree = "<group>"; };
		D7A9642A22F2FAB900054459 /* Name.swift */ = {isa = PBXFileReference; lastKnownFileType = sourcecode.swift; path = Name.swift; sourceTree = "<group>"; };
		D7A9642C22F2FBC900054459 /* Location.swift */ = {isa = PBXFileReference; lastKnownFileType = sourcecode.swift; path = Location.swift; sourceTree = "<group>"; };
		D7C82EB0247C9F5000F95B5E /* UserCell.xib */ = {isa = PBXFileReference; lastKnownFileType = file.xib; path = UserCell.xib; sourceTree = "<group>"; };
		D7C82EB4247CD86D00F95B5E /* Mapper.swift */ = {isa = PBXFileReference; lastKnownFileType = sourcecode.swift; path = Mapper.swift; sourceTree = "<group>"; };
		D7D7714B22F166E800625747 /* MyProject.app */ = {isa = PBXFileReference; explicitFileType = wrapper.application; includeInIndex = 0; path = MyProject.app; sourceTree = BUILT_PRODUCTS_DIR; };
		D7D7714E22F166E800625747 /* AppDelegate.swift */ = {isa = PBXFileReference; lastKnownFileType = sourcecode.swift; path = AppDelegate.swift; sourceTree = "<group>"; };
		D7D7715022F166E800625747 /* MainViewController.swift */ = {isa = PBXFileReference; lastKnownFileType = sourcecode.swift; path = MainViewController.swift; sourceTree = "<group>"; };
		D7D7715322F166E800625747 /* Base */ = {isa = PBXFileReference; lastKnownFileType = file.storyboard; name = Base; path = Base.lproj/Main.storyboard; sourceTree = "<group>"; };
		D7D7715522F166EA00625747 /* Assets.xcassets */ = {isa = PBXFileReference; lastKnownFileType = folder.assetcatalog; path = Assets.xcassets; sourceTree = "<group>"; };
		D7D7715822F166EA00625747 /* Base */ = {isa = PBXFileReference; lastKnownFileType = file.storyboard; name = Base; path = Base.lproj/LaunchScreen.storyboard; sourceTree = "<group>"; };
		D7D7715A22F166EA00625747 /* Info.plist */ = {isa = PBXFileReference; lastKnownFileType = text.plist.xml; path = Info.plist; sourceTree = "<group>"; };
		D7D7715F22F166EA00625747 /* MyProjectTests.xctest */ = {isa = PBXFileReference; explicitFileType = wrapper.cfbundle; includeInIndex = 0; path = MyProjectTests.xctest; sourceTree = BUILT_PRODUCTS_DIR; };
		D7D7716322F166EA00625747 /* MyProjectTests.swift */ = {isa = PBXFileReference; lastKnownFileType = sourcecode.swift; path = MyProjectTests.swift; sourceTree = "<group>"; };
		D7D7716522F166EA00625747 /* Info.plist */ = {isa = PBXFileReference; lastKnownFileType = text.plist.xml; path = Info.plist; sourceTree = "<group>"; };
		D7D7716A22F166EA00625747 /* MyProjectUITests.xctest */ = {isa = PBXFileReference; explicitFileType = wrapper.cfbundle; includeInIndex = 0; path = MyProjectUITests.xctest; sourceTree = BUILT_PRODUCTS_DIR; };
		D7D7716E22F166EA00625747 /* MyProjectUITests.swift */ = {isa = PBXFileReference; lastKnownFileType = sourcecode.swift; path = MyProjectUITests.swift; sourceTree = "<group>"; };
		D7D7717022F166EA00625747 /* Info.plist */ = {isa = PBXFileReference; lastKnownFileType = text.plist.xml; path = Info.plist; sourceTree = "<group>"; };
		D7F0FB62247A36A000DE4DCB /* MyProject.entitlements */ = {isa = PBXFileReference; lastKnownFileType = text.plist.entitlements; path = MyProject.entitlements; sourceTree = "<group>"; };
		DC7AB43997A0C0C33ECDC7CC /* Pods-MyProjectUITests.release.xcconfig */ = {isa = PBXFileReference; includeInIndex = 1; lastKnownFileType = text.xcconfig; name = "Pods-MyProjectUITests.release.xcconfig"; path = "Target Support Files/Pods-MyProjectUITests/Pods-MyProjectUITests.release.xcconfig"; sourceTree = "<group>"; };
		E02713728DF94F9929FC9A14 /* Pods-MyProjectTests.debug.xcconfig */ = {isa = PBXFileReference; includeInIndex = 1; lastKnownFileType = text.xcconfig; name = "Pods-MyProjectTests.debug.xcconfig"; path = "Target Support Files/Pods-MyProjectTests/Pods-MyProjectTests.debug.xcconfig"; sourceTree = "<group>"; };
		F128959D57EBBFF92D012731 /* Pods-MyProjectTests.release.xcconfig */ = {isa = PBXFileReference; includeInIndex = 1; lastKnownFileType = text.xcconfig; name = "Pods-MyProjectTests.release.xcconfig"; path = "Target Support Files/Pods-MyProjectTests/Pods-MyProjectTests.release.xcconfig"; sourceTree = "<group>"; };
		FF1A2D107E61BEE549A12602 /* Pods_MyProjectTests.framework */ = {isa = PBXFileReference; explicitFileType = wrapper.framework; includeInIndex = 0; path = Pods_MyProjectTests.framework; sourceTree = BUILT_PRODUCTS_DIR; };
/* End PBXFileReference section */

/* Begin PBXFrameworksBuildPhase section */
		D7D7714822F166E800625747 /* Frameworks */ = {
			isa = PBXFrameworksBuildPhase;
			buildActionMask = 2147483647;
			files = (
				9FB656770AEC603E701A04FC /* Pods_MyProject.framework in Frameworks */,
			);
			runOnlyForDeploymentPostprocessing = 0;
		};
		D7D7715C22F166EA00625747 /* Frameworks */ = {
			isa = PBXFrameworksBuildPhase;
			buildActionMask = 2147483647;
			files = (
				916041BB9618FE1B8CD0A92E /* Pods_MyProjectTests.framework in Frameworks */,
			);
			runOnlyForDeploymentPostprocessing = 0;
		};
		D7D7716722F166EA00625747 /* Frameworks */ = {
			isa = PBXFrameworksBuildPhase;
			buildActionMask = 2147483647;
			files = (
				7283C3DC872ACA424A4DE6A8 /* Pods_MyProjectUITests.framework in Frameworks */,
			);
			runOnlyForDeploymentPostprocessing = 0;
		};
/* End PBXFrameworksBuildPhase section */

/* Begin PBXGroup section */
		03FEEB8A6A783CB8792524C0 /* Pods */ = {
			isa = PBXGroup;
			children = (
				D2D33F4FCAFBCD122A7FB933 /* Pods-MyProject.debug.xcconfig */,
				5C2CE818312A4A9F8E7EAB7D /* Pods-MyProject.release.xcconfig */,
				E02713728DF94F9929FC9A14 /* Pods-MyProjectTests.debug.xcconfig */,
				F128959D57EBBFF92D012731 /* Pods-MyProjectTests.release.xcconfig */,
				15AB4048DE73B16299D3D3C7 /* Pods-MyProjectUITests.debug.xcconfig */,
				DC7AB43997A0C0C33ECDC7CC /* Pods-MyProjectUITests.release.xcconfig */,
			);
			path = Pods;
			sourceTree = "<group>";
		};
		B8F5584F1A1954DE23C127A0 /* Frameworks */ = {
			isa = PBXGroup;
			children = (
				D1B37717E47B05526DBF5999 /* Pods_MyProject.framework */,
				FF1A2D107E61BEE549A12602 /* Pods_MyProjectTests.framework */,
				77B991FA1263B087A7DDA6A4 /* Pods_MyProjectUITests.framework */,
			);
			name = Frameworks;
			sourceTree = "<group>";
		};
		D7551B1A247A317800BF6E96 /* Tools */ = {
			isa = PBXGroup;
			children = (
				D7551B1B247A318700BF6E96 /* Task.swift */,
				D7C82EB4247CD86D00F95B5E /* Mapper.swift */,
			);
			path = Tools;
			sourceTree = "<group>";
		};
		D75C048322FC126200A17E0C /* Views */ = {
			isa = PBXGroup;
			children = (
				D7D7715022F166E800625747 /* MainViewController.swift */,
				D76B4D6D247DE9E50065FC9B /* MapViewController.swift */,
				D735E229247E2C0A00AD8A94 /* SecondViewController.swift */,
				D75C048422FC127B00A17E0C /* Cells */,
			);
			path = Views;
			sourceTree = "<group>";
		};
		D75C048422FC127B00A17E0C /* Cells */ = {
			isa = PBXGroup;
			children = (
				D75C048522FC129500A17E0C /* UserInfoCell.swift */,
			);
			path = Cells;
			sourceTree = "<group>";
		};
		D76B4D71247DF6730065FC9B /* Router */ = {
			isa = PBXGroup;
			children = (
				D76B4D72247DF6CB0065FC9B /* Router.swift */,
				D76B4D76247E1C390065FC9B /* UserRouter.swift */,
				D735E267247E3D2900AD8A94 /* MapRouter.swift */,
			);
			path = Router;
			sourceTree = "<group>";
		};
		D77989D922FAE614002BE0D1 /* ViewModels */ = {
			isa = PBXGroup;
			children = (
				D77989DA22FAE624002BE0D1 /* UserViewModel.swift */,
				D728D8CE247681D400D9EDED /* UserCellViewModel.swift */,
				D76B4D74247E02CD0065FC9B /* MapViewModel.swift */,
			);
			path = ViewModels;
			sourceTree = "<group>";
		};
		D7A9642722F2F9AD00054459 /* Models */ = {
			isa = PBXGroup;
			children = (
				D77989D722FAE51C002BE0D1 /* UserResponse.swift */,
				D7A9642822F2F9DB00054459 /* User.swift */,
				D7A9642A22F2FAB900054459 /* Name.swift */,
				D7A9642C22F2FBC900054459 /* Location.swift */,
				D77989C222FAD754002BE0D1 /* Timezone.swift */,
				D77989C622FAD8A3002BE0D1 /* Coordinates.swift */,
				D77989C822FAD95D002BE0D1 /* Login.swift */,
				D77989CA22FAE208002BE0D1 /* Dob.swift */,
				D77989CC22FAE24E002BE0D1 /* Registered.swift */,
				D77989CE22FAE2BC002BE0D1 /* Id.swift */,
				D77989D022FAE332002BE0D1 /* Picture.swift */,
			);
			path = Models;
			sourceTree = "<group>";
		};
		D7D7714222F166E800625747 = {
			isa = PBXGroup;
			children = (
				D7D7714D22F166E800625747 /* MyProject */,
				D7D7716222F166EA00625747 /* MyProjectTests */,
				D7D7716D22F166EA00625747 /* MyProjectUITests */,
				D7D7714C22F166E800625747 /* Products */,
				03FEEB8A6A783CB8792524C0 /* Pods */,
				B8F5584F1A1954DE23C127A0 /* Frameworks */,
			);
			sourceTree = "<group>";
		};
		D7D7714C22F166E800625747 /* Products */ = {
			isa = PBXGroup;
			children = (
				D7D7714B22F166E800625747 /* MyProject.app */,
				D7D7715F22F166EA00625747 /* MyProjectTests.xctest */,
				D7D7716A22F166EA00625747 /* MyProjectUITests.xctest */,
			);
			name = Products;
			sourceTree = "<group>";
		};
		D7D7714D22F166E800625747 /* MyProject */ = {
			isa = PBXGroup;
			children = (
				D76B4D71247DF6730065FC9B /* Router */,
				D7F0FB62247A36A000DE4DCB /* MyProject.entitlements */,
				D7551B1A247A317800BF6E96 /* Tools */,
				D75C048322FC126200A17E0C /* Views */,
				D77989D922FAE614002BE0D1 /* ViewModels */,
				D7A9642722F2F9AD00054459 /* Models */,
				D7D7714E22F166E800625747 /* AppDelegate.swift */,
				D7D7715222F166E800625747 /* Main.storyboard */,
				D7C82EB0247C9F5000F95B5E /* UserCell.xib */,
				D7D7715522F166EA00625747 /* Assets.xcassets */,
				D7D7715722F166EA00625747 /* LaunchScreen.storyboard */,
				D7D7715A22F166EA00625747 /* Info.plist */,
				D7727ED9247E52850027D9AF /* GoogleService-Info.plist */,
				D77989D322FAE446002BE0D1 /* Constants.swift */,
				D77989D522FAE4A8002BE0D1 /* NetworkClient.swift */,
				D7551B17247A2AA900BF6E96 /* UserDataModel.xcdatamodeld */,
			);
			path = MyProject;
			sourceTree = "<group>";
		};
		D7D7716222F166EA00625747 /* MyProjectTests */ = {
			isa = PBXGroup;
			children = (
				D7D7716322F166EA00625747 /* MyProjectTests.swift */,
				D7D7716522F166EA00625747 /* Info.plist */,
			);
			path = MyProjectTests;
			sourceTree = "<group>";
		};
		D7D7716D22F166EA00625747 /* MyProjectUITests */ = {
			isa = PBXGroup;
			children = (
				D7D7716E22F166EA00625747 /* MyProjectUITests.swift */,
				D7D7717022F166EA00625747 /* Info.plist */,
			);
			path = MyProjectUITests;
			sourceTree = "<group>";
		};
/* End PBXGroup section */

/* Begin PBXNativeTarget section */
		D7D7714A22F166E800625747 /* MyProject */ = {
			isa = PBXNativeTarget;
			buildConfigurationList = D7D7717322F166EA00625747 /* Build configuration list for PBXNativeTarget "MyProject" */;
			buildPhases = (
				35336ADD8FD0A40E09CD700A /* [CP] Check Pods Manifest.lock */,
				D7D7714722F166E800625747 /* Sources */,
				D7D7714822F166E800625747 /* Frameworks */,
				D7D7714922F166E800625747 /* Resources */,
				8D346F7663ABBAC0B8F3C178 /* [CP] Embed Pods Frameworks */,
			);
			buildRules = (
			);
			dependencies = (
			);
			name = MyProject;
			productName = MyProject;
			productReference = D7D7714B22F166E800625747 /* MyProject.app */;
			productType = "com.apple.product-type.application";
		};
		D7D7715E22F166EA00625747 /* MyProjectTests */ = {
			isa = PBXNativeTarget;
			buildConfigurationList = D7D7717622F166EA00625747 /* Build configuration list for PBXNativeTarget "MyProjectTests" */;
			buildPhases = (
				515DB44CAFB476BD1FDA61C7 /* [CP] Check Pods Manifest.lock */,
				D7D7715B22F166EA00625747 /* Sources */,
				D7D7715C22F166EA00625747 /* Frameworks */,
				D7D7715D22F166EA00625747 /* Resources */,
			);
			buildRules = (
			);
			dependencies = (
				D7D7716122F166EA00625747 /* PBXTargetDependency */,
			);
			name = MyProjectTests;
			productName = MyProjectTests;
			productReference = D7D7715F22F166EA00625747 /* MyProjectTests.xctest */;
			productType = "com.apple.product-type.bundle.unit-test";
		};
		D7D7716922F166EA00625747 /* MyProjectUITests */ = {
			isa = PBXNativeTarget;
			buildConfigurationList = D7D7717922F166EA00625747 /* Build configuration list for PBXNativeTarget "MyProjectUITests" */;
			buildPhases = (
				107C7E97E30D9E95E5792344 /* [CP] Check Pods Manifest.lock */,
				D7D7716622F166EA00625747 /* Sources */,
				D7D7716722F166EA00625747 /* Frameworks */,
				D7D7716822F166EA00625747 /* Resources */,
			);
			buildRules = (
			);
			dependencies = (
				D7D7716C22F166EA00625747 /* PBXTargetDependency */,
			);
			name = MyProjectUITests;
			productName = MyProjectUITests;
			productReference = D7D7716A22F166EA00625747 /* MyProjectUITests.xctest */;
			productType = "com.apple.product-type.bundle.ui-testing";
		};
/* End PBXNativeTarget section */

/* Begin PBXProject section */
		D7D7714322F166E800625747 /* Project object */ = {
			isa = PBXProject;
			attributes = {
				LastSwiftUpdateCheck = 1030;
				LastUpgradeCheck = 1030;
				ORGANIZATIONNAME = Dev;
				TargetAttributes = {
					D7D7714A22F166E800625747 = {
						CreatedOnToolsVersion = 10.3;
					};
					D7D7715E22F166EA00625747 = {
						CreatedOnToolsVersion = 10.3;
						TestTargetID = D7D7714A22F166E800625747;
					};
					D7D7716922F166EA00625747 = {
						CreatedOnToolsVersion = 10.3;
						TestTargetID = D7D7714A22F166E800625747;
					};
				};
			};
			buildConfigurationList = D7D7714622F166E800625747 /* Build configuration list for PBXProject "MyProject" */;
			compatibilityVersion = "Xcode 9.3";
			developmentRegion = en;
			hasScannedForEncodings = 0;
			knownRegions = (
				en,
				Base,
			);
			mainGroup = D7D7714222F166E800625747;
			productRefGroup = D7D7714C22F166E800625747 /* Products */;
			projectDirPath = "";
			projectRoot = "";
			targets = (
				D7D7714A22F166E800625747 /* MyProject */,
				D7D7715E22F166EA00625747 /* MyProjectTests */,
				D7D7716922F166EA00625747 /* MyProjectUITests */,
			);
		};
/* End PBXProject section */

/* Begin PBXResourcesBuildPhase section */
		D7D7714922F166E800625747 /* Resources */ = {
			isa = PBXResourcesBuildPhase;
			buildActionMask = 2147483647;
			files = (
				D7D7715922F166EA00625747 /* LaunchScreen.storyboard in Resources */,
				D7D7715622F166EA00625747 /* Assets.xcassets in Resources */,
				D7727EDA247E52850027D9AF /* GoogleService-Info.plist in Resources */,
				D7D7715422F166E800625747 /* Main.storyboard in Resources */,
				D7C82EB1247C9F5000F95B5E /* UserCell.xib in Resources */,
			);
			runOnlyForDeploymentPostprocessing = 0;
		};
		D7D7715D22F166EA00625747 /* Resources */ = {
			isa = PBXResourcesBuildPhase;
			buildActionMask = 2147483647;
			files = (
			);
			runOnlyForDeploymentPostprocessing = 0;
		};
		D7D7716822F166EA00625747 /* Resources */ = {
			isa = PBXResourcesBuildPhase;
			buildActionMask = 2147483647;
			files = (
			);
			runOnlyForDeploymentPostprocessing = 0;
		};
/* End PBXResourcesBuildPhase section */

/* Begin PBXShellScriptBuildPhase section */
		107C7E97E30D9E95E5792344 /* [CP] Check Pods Manifest.lock */ = {
			isa = PBXShellScriptBuildPhase;
			buildActionMask = 2147483647;
			files = (
			);
			inputFileListPaths = (
			);
			inputPaths = (
				"${PODS_PODFILE_DIR_PATH}/Podfile.lock",
				"${PODS_ROOT}/Manifest.lock",
			);
			name = "[CP] Check Pods Manifest.lock";
			outputFileListPaths = (
			);
			outputPaths = (
				"$(DERIVED_FILE_DIR)/Pods-MyProjectUITests-checkManifestLockResult.txt",
			);
			runOnlyForDeploymentPostprocessing = 0;
			shellPath = /bin/sh;
			shellScript = "diff \"${PODS_PODFILE_DIR_PATH}/Podfile.lock\" \"${PODS_ROOT}/Manifest.lock\" > /dev/null\nif [ $? != 0 ] ; then\n    # print error to STDERR\n    echo \"error: The sandbox is not in sync with the Podfile.lock. Run 'pod install' or update your CocoaPods installation.\" >&2\n    exit 1\nfi\n# This output is used by Xcode 'outputs' to avoid re-running this script phase.\necho \"SUCCESS\" > \"${SCRIPT_OUTPUT_FILE_0}\"\n";
			showEnvVarsInLog = 0;
		};
		35336ADD8FD0A40E09CD700A /* [CP] Check Pods Manifest.lock */ = {
			isa = PBXShellScriptBuildPhase;
			buildActionMask = 2147483647;
			files = (
			);
			inputFileListPaths = (
			);
			inputPaths = (
				"${PODS_PODFILE_DIR_PATH}/Podfile.lock",
				"${PODS_ROOT}/Manifest.lock",
			);
			name = "[CP] Check Pods Manifest.lock";
			outputFileListPaths = (
			);
			outputPaths = (
				"$(DERIVED_FILE_DIR)/Pods-MyProject-checkManifestLockResult.txt",
			);
			runOnlyForDeploymentPostprocessing = 0;
			shellPath = /bin/sh;
			shellScript = "diff \"${PODS_PODFILE_DIR_PATH}/Podfile.lock\" \"${PODS_ROOT}/Manifest.lock\" > /dev/null\nif [ $? != 0 ] ; then\n    # print error to STDERR\n    echo \"error: The sandbox is not in sync with the Podfile.lock. Run 'pod install' or update your CocoaPods installation.\" >&2\n    exit 1\nfi\n# This output is used by Xcode 'outputs' to avoid re-running this script phase.\necho \"SUCCESS\" > \"${SCRIPT_OUTPUT_FILE_0}\"\n";
			showEnvVarsInLog = 0;
		};
		515DB44CAFB476BD1FDA61C7 /* [CP] Check Pods Manifest.lock */ = {
			isa = PBXShellScriptBuildPhase;
			buildActionMask = 2147483647;
			files = (
			);
			inputFileListPaths = (
			);
			inputPaths = (
				"${PODS_PODFILE_DIR_PATH}/Podfile.lock",
				"${PODS_ROOT}/Manifest.lock",
			);
			name = "[CP] Check Pods Manifest.lock";
			outputFileListPaths = (
			);
			outputPaths = (
				"$(DERIVED_FILE_DIR)/Pods-MyProjectTests-checkManifestLockResult.txt",
			);
			runOnlyForDeploymentPostprocessing = 0;
			shellPath = /bin/sh;
			shellScript = "diff \"${PODS_PODFILE_DIR_PATH}/Podfile.lock\" \"${PODS_ROOT}/Manifest.lock\" > /dev/null\nif [ $? != 0 ] ; then\n    # print error to STDERR\n    echo \"error: The sandbox is not in sync with the Podfile.lock. Run 'pod install' or update your CocoaPods installation.\" >&2\n    exit 1\nfi\n# This output is used by Xcode 'outputs' to avoid re-running this script phase.\necho \"SUCCESS\" > \"${SCRIPT_OUTPUT_FILE_0}\"\n";
			showEnvVarsInLog = 0;
		};
		8D346F7663ABBAC0B8F3C178 /* [CP] Embed Pods Frameworks */ = {
			isa = PBXShellScriptBuildPhase;
			buildActionMask = 2147483647;
			files = (
			);
			inputFileListPaths = (
				"${PODS_ROOT}/Target Support Files/Pods-MyProject/Pods-MyProject-frameworks-${CONFIGURATION}-input-files.xcfilelist",
			);
			name = "[CP] Embed Pods Frameworks";
			outputFileListPaths = (
				"${PODS_ROOT}/Target Support Files/Pods-MyProject/Pods-MyProject-frameworks-${CONFIGURATION}-output-files.xcfilelist",
			);
			runOnlyForDeploymentPostprocessing = 0;
			shellPath = /bin/sh;
			shellScript = "\"${PODS_ROOT}/Target Support Files/Pods-MyProject/Pods-MyProject-frameworks.sh\"\n";
			showEnvVarsInLog = 0;
		};
/* End PBXShellScriptBuildPhase section */

/* Begin PBXSourcesBuildPhase section */
		D7D7714722F166E800625747 /* Sources */ = {
			isa = PBXSourcesBuildPhase;
			buildActionMask = 2147483647;
			files = (
				D77989D122FAE332002BE0D1 /* Picture.swift in Sources */,
				D7D7715122F166E800625747 /* MainViewController.swift in Sources */,
				D7D7714F22F166E800625747 /* AppDelegate.swift in Sources */,
				D77989C722FAD8A3002BE0D1 /* Coordinates.swift in Sources */,
				D77989C322FAD754002BE0D1 /* Timezone.swift in Sources */,
				D728D8CF247681D500D9EDED /* UserCellViewModel.swift in Sources */,
				D735E22A247E2C0A00AD8A94 /* SecondViewController.swift in Sources */,
				D77989D822FAE51C002BE0D1 /* UserResponse.swift in Sources */,
				D735E268247E3D2900AD8A94 /* MapRouter.swift in Sources */,
				D7A9642D22F2FBC900054459 /* Location.swift in Sources */,
				D77989CB22FAE208002BE0D1 /* Dob.swift in Sources */,
				D77989D422FAE446002BE0D1 /* Constants.swift in Sources */,
				D77989DB22FAE624002BE0D1 /* UserViewModel.swift in Sources */,
				D76B4D6F247DE9E50065FC9B /* MapViewController.swift in Sources */,
				D7551B19247A2AA900BF6E96 /* UserDataModel.xcdatamodeld in Sources */,
				D7551B1C247A318700BF6E96 /* Task.swift in Sources */,
				D7A9642B22F2FAB900054459 /* Name.swift in Sources */,
				D77989CD22FAE24E002BE0D1 /* Registered.swift in Sources */,
				D76B4D73247DF6CB0065FC9B /* Router.swift in Sources */,
				D7A9642922F2F9DB00054459 /* User.swift in Sources */,
				D7C82EB5247CD86D00F95B5E /* Mapper.swift in Sources */,
				D75C048622FC129500A17E0C /* UserInfoCell.swift in Sources */,
				D77989D622FAE4A8002BE0D1 /* NetworkClient.swift in Sources */,
				D77989C922FAD95D002BE0D1 /* Login.swift in Sources */,
				D77989CF22FAE2BC002BE0D1 /* Id.swift in Sources */,
				D76B4D75247E02CD0065FC9B /* MapViewModel.swift in Sources */,
				D76B4D77247E1C390065FC9B /* UserRouter.swift in Sources */,
			);
			runOnlyForDeploymentPostprocessing = 0;
		};
		D7D7715B22F166EA00625747 /* Sources */ = {
			isa = PBXSourcesBuildPhase;
			buildActionMask = 2147483647;
			files = (
				D7D7716422F166EA00625747 /* MyProjectTests.swift in Sources */,
			);
			runOnlyForDeploymentPostprocessing = 0;
		};
		D7D7716622F166EA00625747 /* Sources */ = {
			isa = PBXSourcesBuildPhase;
			buildActionMask = 2147483647;
			files = (
				D7D7716F22F166EA00625747 /* MyProjectUITests.swift in Sources */,
			);
			runOnlyForDeploymentPostprocessing = 0;
		};
/* End PBXSourcesBuildPhase section */

/* Begin PBXTargetDependency section */
		D7D7716122F166EA00625747 /* PBXTargetDependency */ = {
			isa = PBXTargetDependency;
			target = D7D7714A22F166E800625747 /* MyProject */;
			targetProxy = D7D7716022F166EA00625747 /* PBXContainerItemProxy */;
		};
		D7D7716C22F166EA00625747 /* PBXTargetDependency */ = {
			isa = PBXTargetDependency;
			target = D7D7714A22F166E800625747 /* MyProject */;
			targetProxy = D7D7716B22F166EA00625747 /* PBXContainerItemProxy */;
		};
/* End PBXTargetDependency section */

/* Begin PBXVariantGroup section */
		D7D7715222F166E800625747 /* Main.storyboard */ = {
			isa = PBXVariantGroup;
			children = (
				D7D7715322F166E800625747 /* Base */,
			);
			name = Main.storyboard;
			sourceTree = "<group>";
		};
		D7D7715722F166EA00625747 /* LaunchScreen.storyboard */ = {
			isa = PBXVariantGroup;
			children = (
				D7D7715822F166EA00625747 /* Base */,
			);
			name = LaunchScreen.storyboard;
			sourceTree = "<group>";
		};
/* End PBXVariantGroup section */

/* Begin XCBuildConfiguration section */
		D7D7717122F166EA00625747 /* Debug */ = {
			isa = XCBuildConfiguration;
			buildSettings = {
				ALWAYS_SEARCH_USER_PATHS = NO;
				CLANG_ANALYZER_NONNULL = YES;
				CLANG_ANALYZER_NUMBER_OBJECT_CONVERSION = YES_AGGRESSIVE;
				CLANG_CXX_LANGUAGE_STANDARD = "gnu++14";
				CLANG_CXX_LIBRARY = "libc++";
				CLANG_ENABLE_MODULES = YES;
				CLANG_ENABLE_OBJC_ARC = YES;
				CLANG_ENABLE_OBJC_WEAK = YES;
				CLANG_WARN_BLOCK_CAPTURE_AUTORELEASING = YES;
				CLANG_WARN_BOOL_CONVERSION = YES;
				CLANG_WARN_COMMA = YES;
				CLANG_WARN_CONSTANT_CONVERSION = YES;
				CLANG_WARN_DEPRECATED_OBJC_IMPLEMENTATIONS = YES;
				CLANG_WARN_DIRECT_OBJC_ISA_USAGE = YES_ERROR;
				CLANG_WARN_DOCUMENTATION_COMMENTS = YES;
				CLANG_WARN_EMPTY_BODY = YES;
				CLANG_WARN_ENUM_CONVERSION = YES;
				CLANG_WARN_INFINITE_RECURSION = YES;
				CLANG_WARN_INT_CONVERSION = YES;
				CLANG_WARN_NON_LITERAL_NULL_CONVERSION = YES;
				CLANG_WARN_OBJC_IMPLICIT_RETAIN_SELF = YES;
				CLANG_WARN_OBJC_LITERAL_CONVERSION = YES;
				CLANG_WARN_OBJC_ROOT_CLASS = YES_ERROR;
				CLANG_WARN_RANGE_LOOP_ANALYSIS = YES;
				CLANG_WARN_STRICT_PROTOTYPES = YES;
				CLANG_WARN_SUSPICIOUS_MOVE = YES;
				CLANG_WARN_UNGUARDED_AVAILABILITY = YES_AGGRESSIVE;
				CLANG_WARN_UNREACHABLE_CODE = YES;
				CLANG_WARN__DUPLICATE_METHOD_MATCH = YES;
				CODE_SIGN_IDENTITY = "iPhone Developer";
				COPY_PHASE_STRIP = NO;
				DEBUG_INFORMATION_FORMAT = dwarf;
				ENABLE_STRICT_OBJC_MSGSEND = YES;
				ENABLE_TESTABILITY = YES;
				GCC_C_LANGUAGE_STANDARD = gnu11;
				GCC_DYNAMIC_NO_PIC = NO;
				GCC_NO_COMMON_BLOCKS = YES;
				GCC_OPTIMIZATION_LEVEL = 0;
				GCC_PREPROCESSOR_DEFINITIONS = (
					"DEBUG=1",
					"$(inherited)",
				);
				GCC_WARN_64_TO_32_BIT_CONVERSION = YES;
				GCC_WARN_ABOUT_RETURN_TYPE = YES_ERROR;
				GCC_WARN_UNDECLARED_SELECTOR = YES;
				GCC_WARN_UNINITIALIZED_AUTOS = YES_AGGRESSIVE;
				GCC_WARN_UNUSED_FUNCTION = YES;
				GCC_WARN_UNUSED_VARIABLE = YES;
				IPHONEOS_DEPLOYMENT_TARGET = 12.4;
				MTL_ENABLE_DEBUG_INFO = INCLUDE_SOURCE;
				MTL_FAST_MATH = YES;
				ONLY_ACTIVE_ARCH = YES;
				SDKROOT = iphoneos;
				SWIFT_ACTIVE_COMPILATION_CONDITIONS = DEBUG;
				SWIFT_OPTIMIZATION_LEVEL = "-Onone";
			};
			name = Debug;
		};
		D7D7717222F166EA00625747 /* Release */ = {
			isa = XCBuildConfiguration;
			buildSettings = {
				ALWAYS_SEARCH_USER_PATHS = NO;
				CLANG_ANALYZER_NONNULL = YES;
				CLANG_ANALYZER_NUMBER_OBJECT_CONVERSION = YES_AGGRESSIVE;
				CLANG_CXX_LANGUAGE_STANDARD = "gnu++14";
				CLANG_CXX_LIBRARY = "libc++";
				CLANG_ENABLE_MODULES = YES;
				CLANG_ENABLE_OBJC_ARC = YES;
				CLANG_ENABLE_OBJC_WEAK = YES;
				CLANG_WARN_BLOCK_CAPTURE_AUTORELEASING = YES;
				CLANG_WARN_BOOL_CONVERSION = YES;
				CLANG_WARN_COMMA = YES;
				CLANG_WARN_CONSTANT_CONVERSION = YES;
				CLANG_WARN_DEPRECATED_OBJC_IMPLEMENTATIONS = YES;
				CLANG_WARN_DIRECT_OBJC_ISA_USAGE = YES_ERROR;
				CLANG_WARN_DOCUMENTATION_COMMENTS = YES;
				CLANG_WARN_EMPTY_BODY = YES;
				CLANG_WARN_ENUM_CONVERSION = YES;
				CLANG_WARN_INFINITE_RECURSION = YES;
				CLANG_WARN_INT_CONVERSION = YES;
				CLANG_WARN_NON_LITERAL_NULL_CONVERSION = YES;
				CLANG_WARN_OBJC_IMPLICIT_RETAIN_SELF = YES;
				CLANG_WARN_OBJC_LITERAL_CONVERSION = YES;
				CLANG_WARN_OBJC_ROOT_CLASS = YES_ERROR;
				CLANG_WARN_RANGE_LOOP_ANALYSIS = YES;
				CLANG_WARN_STRICT_PROTOTYPES = YES;
				CLANG_WARN_SUSPICIOUS_MOVE = YES;
				CLANG_WARN_UNGUARDED_AVAILABILITY = YES_AGGRESSIVE;
				CLANG_WARN_UNREACHABLE_CODE = YES;
				CLANG_WARN__DUPLICATE_METHOD_MATCH = YES;
				CODE_SIGN_IDENTITY = "iPhone Developer";
				COPY_PHASE_STRIP = NO;
				DEBUG_INFORMATION_FORMAT = "dwarf-with-dsym";
				ENABLE_NS_ASSERTIONS = NO;
				ENABLE_STRICT_OBJC_MSGSEND = YES;
				GCC_C_LANGUAGE_STANDARD = gnu11;
				GCC_NO_COMMON_BLOCKS = YES;
				GCC_WARN_64_TO_32_BIT_CONVERSION = YES;
				GCC_WARN_ABOUT_RETURN_TYPE = YES_ERROR;
				GCC_WARN_UNDECLARED_SELECTOR = YES;
				GCC_WARN_UNINITIALIZED_AUTOS = YES_AGGRESSIVE;
				GCC_WARN_UNUSED_FUNCTION = YES;
				GCC_WARN_UNUSED_VARIABLE = YES;
				IPHONEOS_DEPLOYMENT_TARGET = 12.4;
				MTL_ENABLE_DEBUG_INFO = NO;
				MTL_FAST_MATH = YES;
				SDKROOT = iphoneos;
				SWIFT_COMPILATION_MODE = wholemodule;
				SWIFT_OPTIMIZATION_LEVEL = "-O";
				VALIDATE_PRODUCT = YES;
			};
			name = Release;
		};
		D7D7717422F166EA00625747 /* Debug */ = {
			isa = XCBuildConfiguration;
			baseConfigurationReference = D2D33F4FCAFBCD122A7FB933 /* Pods-MyProject.debug.xcconfig */;
			buildSettings = {
				ASSETCATALOG_COMPILER_APPICON_NAME = AppIcon;
				CODE_SIGN_ENTITLEMENTS = MyProject/MyProject.entitlements;
				CODE_SIGN_STYLE = Automatic;
				DEVELOPMENT_TEAM = 3C243XVDWD;
				INFOPLIST_FILE = MyProject/Info.plist;
				IPHONEOS_DEPLOYMENT_TARGET = 9.0;
				LD_RUNPATH_SEARCH_PATHS = (
					"$(inherited)",
					"@executable_path/Frameworks",
				);
				PRODUCT_BUNDLE_IDENTIFIER = com.MyProject;
				PRODUCT_NAME = "$(TARGET_NAME)";
				SWIFT_VERSION = 5.0;
				TARGETED_DEVICE_FAMILY = "1,2";
			};
			name = Debug;
		};
		D7D7717522F166EA00625747 /* Release */ = {
			isa = XCBuildConfiguration;
			baseConfigurationReference = 5C2CE818312A4A9F8E7EAB7D /* Pods-MyProject.release.xcconfig */;
			buildSettings = {
				ASSETCATALOG_COMPILER_APPICON_NAME = AppIcon;
				CODE_SIGN_ENTITLEMENTS = MyProject/MyProject.entitlements;
				CODE_SIGN_STYLE = Automatic;
				DEVELOPMENT_TEAM = 3C243XVDWD;
				INFOPLIST_FILE = MyProject/Info.plist;
				IPHONEOS_DEPLOYMENT_TARGET = 9.0;
				LD_RUNPATH_SEARCH_PATHS = (
					"$(inherited)",
					"@executable_path/Frameworks",
				);
				PRODUCT_BUNDLE_IDENTIFIER = com.MyProject;
				PRODUCT_NAME = "$(TARGET_NAME)";
				SWIFT_VERSION = 5.0;
				TARGETED_DEVICE_FAMILY = "1,2";
			};
			name = Release;
		};
		D7D7717722F166EA00625747 /* Debug */ = {
			isa = XCBuildConfiguration;
			baseConfigurationReference = E02713728DF94F9929FC9A14 /* Pods-MyProjectTests.debug.xcconfig */;
			buildSettings = {
				ALWAYS_EMBED_SWIFT_STANDARD_LIBRARIES = YES;
				BUNDLE_LOADER = "$(TEST_HOST)";
				CODE_SIGN_STYLE = Automatic;
				INFOPLIST_FILE = MyProjectTests/Info.plist;
				LD_RUNPATH_SEARCH_PATHS = (
					"$(inherited)",
					"@executable_path/Frameworks",
					"@loader_path/Frameworks",
				);
				PRODUCT_BUNDLE_IDENTIFIER = com.MyProjectTests;
				PRODUCT_NAME = "$(TARGET_NAME)";
				SWIFT_VERSION = 5.0;
				TARGETED_DEVICE_FAMILY = "1,2";
				TEST_HOST = "$(BUILT_PRODUCTS_DIR)/MyProject.app/MyProject";
			};
			name = Debug;
		};
		D7D7717822F166EA00625747 /* Release */ = {
			isa = XCBuildConfiguration;
			baseConfigurationReference = F128959D57EBBFF92D012731 /* Pods-MyProjectTests.release.xcconfig */;
			buildSettings = {
				ALWAYS_EMBED_SWIFT_STANDARD_LIBRARIES = YES;
				BUNDLE_LOADER = "$(TEST_HOST)";
				CODE_SIGN_STYLE = Automatic;
				INFOPLIST_FILE = MyProjectTests/Info.plist;
				LD_RUNPATH_SEARCH_PATHS = (
					"$(inherited)",
					"@executable_path/Frameworks",
					"@loader_path/Frameworks",
				);
				PRODUCT_BUNDLE_IDENTIFIER = com.MyProjectTests;
				PRODUCT_NAME = "$(TARGET_NAME)";
				SWIFT_VERSION = 5.0;
				TARGETED_DEVICE_FAMILY = "1,2";
				TEST_HOST = "$(BUILT_PRODUCTS_DIR)/MyProject.app/MyProject";
			};
			name = Release;
		};
		D7D7717A22F166EA00625747 /* Debug */ = {
			isa = XCBuildConfiguration;
			baseConfigurationReference = 15AB4048DE73B16299D3D3C7 /* Pods-MyProjectUITests.debug.xcconfig */;
			buildSettings = {
				ALWAYS_EMBED_SWIFT_STANDARD_LIBRARIES = YES;
				CODE_SIGN_STYLE = Automatic;
				INFOPLIST_FILE = MyProjectUITests/Info.plist;
				LD_RUNPATH_SEARCH_PATHS = (
					"$(inherited)",
					"@executable_path/Frameworks",
					"@loader_path/Frameworks",
				);
				PRODUCT_BUNDLE_IDENTIFIER = com.MyProjectUITests;
				PRODUCT_NAME = "$(TARGET_NAME)";
				SWIFT_VERSION = 5.0;
				TARGETED_DEVICE_FAMILY = "1,2";
				TEST_TARGET_NAME = MyProject;
			};
			name = Debug;
		};
		D7D7717B22F166EA00625747 /* Release */ = {
			isa = XCBuildConfiguration;
			baseConfigurationReference = DC7AB43997A0C0C33ECDC7CC /* Pods-MyProjectUITests.release.xcconfig */;
			buildSettings = {
				ALWAYS_EMBED_SWIFT_STANDARD_LIBRARIES = YES;
				CODE_SIGN_STYLE = Automatic;
				INFOPLIST_FILE = MyProjectUITests/Info.plist;
				LD_RUNPATH_SEARCH_PATHS = (
					"$(inherited)",
					"@executable_path/Frameworks",
					"@loader_path/Frameworks",
				);
				PRODUCT_BUNDLE_IDENTIFIER = com.MyProjectUITests;
				PRODUCT_NAME = "$(TARGET_NAME)";
				SWIFT_VERSION = 5.0;
				TARGETED_DEVICE_FAMILY = "1,2";
				TEST_TARGET_NAME = MyProject;
			};
			name = Release;
		};
/* End XCBuildConfiguration section */

/* Begin XCConfigurationList section */
		D7D7714622F166E800625747 /* Build configuration list for PBXProject "MyProject" */ = {
			isa = XCConfigurationList;
			buildConfigurations = (
				D7D7717122F166EA00625747 /* Debug */,
				D7D7717222F166EA00625747 /* Release */,
			);
			defaultConfigurationIsVisible = 0;
			defaultConfigurationName = Release;
		};
		D7D7717322F166EA00625747 /* Build configuration list for PBXNativeTarget "MyProject" */ = {
			isa = XCConfigurationList;
			buildConfigurations = (
				D7D7717422F166EA00625747 /* Debug */,
				D7D7717522F166EA00625747 /* Release */,
			);
			defaultConfigurationIsVisible = 0;
			defaultConfigurationName = Release;
		};
		D7D7717622F166EA00625747 /* Build configuration list for PBXNativeTarget "MyProjectTests" */ = {
			isa = XCConfigurationList;
			buildConfigurations = (
				D7D7717722F166EA00625747 /* Debug */,
				D7D7717822F166EA00625747 /* Release */,
			);
			defaultConfigurationIsVisible = 0;
			defaultConfigurationName = Release;
		};
		D7D7717922F166EA00625747 /* Build configuration list for PBXNativeTarget "MyProjectUITests" */ = {
			isa = XCConfigurationList;
			buildConfigurations = (
				D7D7717A22F166EA00625747 /* Debug */,
				D7D7717B22F166EA00625747 /* Release */,
			);
			defaultConfigurationIsVisible = 0;
			defaultConfigurationName = Release;
		};
/* End XCConfigurationList section */

/* Begin XCVersionGroup section */
		D7551B17247A2AA900BF6E96 /* UserDataModel.xcdatamodeld */ = {
			isa = XCVersionGroup;
			children = (
				D7551B18247A2AA900BF6E96 /* UserDataModel.xcdatamodel */,
			);
			currentVersion = D7551B18247A2AA900BF6E96 /* UserDataModel.xcdatamodel */;
			path = UserDataModel.xcdatamodeld;
			sourceTree = "<group>";
			versionGroupType = wrapper.xcdatamodel;
		};
/* End XCVersionGroup section */
	};
	rootObject = D7D7714322F166E800625747 /* Project object */;
}
